
Microsoft Visual Studio Solution File, Format Version 12.00
# Visual Studio Version 16
VisualStudioVersion = 16.0.29409.12
MinimumVisualStudioVersion = 10.0.40219.1
Project("{8BC9CEB8-8B4A-11D0-8D11-00A0C91BC942}") = "PaintProject", "PaintProject\PaintProject.vcxproj", "{40562DAB-51F7-43F4-B934-2EB0EF32283D}"
EndProject
Global
	GlobalSection(SolutionConfigurationPlatforms) = preSolution
		Debug|x64 = Debug|x64
		Debug|x86 = Debug|x86
		Release|x64 = Release|x64
		Release|x86 = Release|x86
	EndGlobalSection
	GlobalSection(ProjectConfigurationPlatforms) = postSolution
		{40562DAB-51F7-43F4-B934-2EB0EF32283D}.Debug|x64.ActiveCfg = Debug|x64
		{40562DAB-51F7-43F4-B934-2EB0EF32283D}.Debug|x64.Build.0 = Debug|x64
		{40562DAB-51F7-43F4-B934-2EB0EF32283D}.Debug|x86.ActiveCfg = Debug|Win32
		{40562DAB-51F7-43F4-B934-2EB0EF32283D}.Debug|x86.Build.0 = Debug|Win32
		{40562DAB-51F7-43F4-B934-2EB0EF32283D}.Release|x64.ActiveCfg = Release|x64
		{40562DAB-51F7-43F4-B934-2EB0EF32283D}.Release|x64.Build.0 = Release|x64
		{40562DAB-51F7-43F4-B934-2EB0EF32283D}.Release|x86.ActiveCfg = Release|Win32
		{40562DAB-51F7-43F4-B934-2EB0EF32283D}.Release|x86.Build.0 = Release|Win32
	EndGlobalSection
	GlobalSection(SolutionProperties) = preSolution
		HideSolutionNode = FALSE
	EndGlobalSection
	GlobalSection(ExtensibilityGlobals) = postSolution
		SolutionGuid = {14E70E9B-6E82-4A30-AA56-CB40AAD8F79F}
	EndGlobalSection
EndGlobal
