
Microsoft Visual Studio Solution File, Format Version 12.00
# Visual Studio Version 16
VisualStudioVersion = 16.0.29806.167
MinimumVisualStudioVersion = 10.0.40219.1
Project("{8BC9CEB8-8B4A-11D0-8D11-00A0C91BC942}") = "CPU", "CPU\CPU.vcxproj", "{EFA52448-6FE9-4073-8C5B-274373267943}"
EndProject
Project("{8BC9CEB8-8B4A-11D0-8D11-00A0C91BC942}") = "GPU", "GPU\GPU.vcxproj", "{E19932AD-FD67-4E88-A7B1-481149A4B86F}"
EndProject
Global
	GlobalSection(SolutionConfigurationPlatforms) = preSolution
		Debug|x64 = Debug|x64
		Release|x64 = Release|x64
	EndGlobalSection
	GlobalSection(ProjectConfigurationPlatforms) = postSolution
		{EFA52448-6FE9-4073-8C5B-274373267943}.Debug|x64.ActiveCfg = Debug|x64
		{EFA52448-6FE9-4073-8C5B-274373267943}.Debug|x64.Build.0 = Debug|x64
		{EFA52448-6FE9-4073-8C5B-274373267943}.Release|x64.ActiveCfg = Release|x64
		{EFA52448-6FE9-4073-8C5B-274373267943}.Release|x64.Build.0 = Release|x64
		{E19932AD-FD67-4E88-A7B1-481149A4B86F}.Debug|x64.ActiveCfg = Debug|x64
		{E19932AD-FD67-4E88-A7B1-481149A4B86F}.Debug|x64.Build.0 = Debug|x64
		{E19932AD-FD67-4E88-A7B1-481149A4B86F}.Release|x64.ActiveCfg = Release|x64
		{E19932AD-FD67-4E88-A7B1-481149A4B86F}.Release|x64.Build.0 = Release|x64
	EndGlobalSection
	GlobalSection(SolutionProperties) = preSolution
		HideSolutionNode = FALSE
	EndGlobalSection
	GlobalSection(ExtensibilityGlobals) = postSolution
		SolutionGuid = {459A379C-6E3A-433E-B0B0-35C1B9605BEA}
	EndGlobalSection
EndGlobal
